// !$*UTF8*$!
{
	archiveVersion = 1;
	classes = {
	};
	objectVersion = 56;
	objects = {

/* Begin PBXBuildFile section */
		CD09A48C2A29188B00B0CF2D /* DogBreedSelectorApp.swift in Sources */ = {isa = PBXBuildFile; fileRef = CD09A48B2A29188B00B0CF2D /* DogBreedSelectorApp.swift */; };
		CD09A48E2A29188B00B0CF2D /* DogBreedSelectorView.swift in Sources */ = {isa = PBXBuildFile; fileRef = CD09A48D2A29188B00B0CF2D /* DogBreedSelectorView.swift */; };
		CD09A4902A29188D00B0CF2D /* Assets.xcassets in Resources */ = {isa = PBXBuildFile; fileRef = CD09A48F2A29188D00B0CF2D /* Assets.xcassets */; };
		CD09A4932A29188D00B0CF2D /* Preview Assets.xcassets in Resources */ = {isa = PBXBuildFile; fileRef = CD09A4922A29188D00B0CF2D /* Preview Assets.xcassets */; };
		CD600DE72A2F8C0200C32FD2 /* populate_database.sql in Resources */ = {isa = PBXBuildFile; fileRef = CD600DE62A2F8C0200C32FD2 /* populate_database.sql */; };
		CD600DE92A2F968400C32FD2 /* db.sqlite in Resources */ = {isa = PBXBuildFile; fileRef = CD600DE82A2F968400C32FD2 /* db.sqlite */; };
		CD600DEB2A300C1100C32FD2 /* BubbleSelector.swift in Sources */ = {isa = PBXBuildFile; fileRef = CD600DEA2A300C1100C32FD2 /* BubbleSelector.swift */; };
		CD600DED2A300F7800C32FD2 /* pictureText.swift in Sources */ = {isa = PBXBuildFile; fileRef = CD600DEC2A300F7800C32FD2 /* pictureText.swift */; };
/* End PBXBuildFile section */

/* Begin PBXFileReference section */
		CD09A4882A29188B00B0CF2D /* DogBreedSelector.app */ = {isa = PBXFileReference; explicitFileType = wrapper.application; includeInIndex = 0; path = DogBreedSelector.app; sourceTree = BUILT_PRODUCTS_DIR; };
		CD09A48B2A29188B00B0CF2D /* DogBreedSelectorApp.swift */ = {isa = PBXFileReference; lastKnownFileType = sourcecode.swift; path = DogBreedSelectorApp.swift; sourceTree = "<group>"; };
		CD09A48D2A29188B00B0CF2D /* DogBreedSelectorView.swift */ = {isa = PBXFileReference; lastKnownFileType = sourcecode.swift; path = DogBreedSelectorView.swift; sourceTree = "<group>"; };
		CD09A48F2A29188D00B0CF2D /* Assets.xcassets */ = {isa = PBXFileReference; lastKnownFileType = folder.assetcatalog; path = Assets.xcassets; sourceTree = "<group>"; };
		CD09A4922A29188D00B0CF2D /* Preview Assets.xcassets */ = {isa = PBXFileReference; lastKnownFileType = folder.assetcatalog; path = "Preview Assets.xcassets"; sourceTree = "<group>"; };
		CD600DE62A2F8C0200C32FD2 /* populate_database.sql */ = {isa = PBXFileReference; lastKnownFileType = text; path = populate_database.sql; sourceTree = "<group>"; };
		CD600DE82A2F968400C32FD2 /* db.sqlite */ = {isa = PBXFileReference; lastKnownFileType = file; name = db.sqlite; path = Model/db.sqlite; sourceTree = SOURCE_ROOT; };
		CD600DEA2A300C1100C32FD2 /* BubbleSelector.swift */ = {isa = PBXFileReference; lastKnownFileType = sourcecode.swift; path = BubbleSelector.swift; sourceTree = "<group>"; };
		CD600DEC2A300F7800C32FD2 /* pictureText.swift */ = {isa = PBXFileReference; lastKnownFileType = sourcecode.swift; path = pictureText.swift; sourceTree = "<group>"; };
/* End PBXFileReference section */

/* Begin PBXFrameworksBuildPhase section */
		CD09A4852A29188B00B0CF2D /* Frameworks */ = {
			isa = PBXFrameworksBuildPhase;
			buildActionMask = 2147483647;
			files = (
			);
			runOnlyForDeploymentPostprocessing = 0;
		};
/* End PBXFrameworksBuildPhase section */

/* Begin PBXGroup section */
		CD09A47F2A29188B00B0CF2D = {
			isa = PBXGroup;
			children = (
				CD09A48A2A29188B00B0CF2D /* DogBreedSelector */,
				CD09A4992A2E1CF600B0CF2D /* Model */,
				CD09A4912A29188D00B0CF2D /* Preview Content */,
				CD09A4892A29188B00B0CF2D /* Products */,
			);
			sourceTree = "<group>";
		};
		CD09A4892A29188B00B0CF2D /* Products */ = {
			isa = PBXGroup;
			children = (
				CD09A4882A29188B00B0CF2D /* DogBreedSelector.app */,
			);
			name = Products;
			sourceTree = "<group>";
		};
		CD09A48A2A29188B00B0CF2D /* DogBreedSelector */ = {
			isa = PBXGroup;
			children = (
				CD09A48B2A29188B00B0CF2D /* DogBreedSelectorApp.swift */,
				CD09A48D2A29188B00B0CF2D /* DogBreedSelectorView.swift */,
				CDB6A36D2A30F70F00F240D3 /* PictureTextView */,
				CD600DE62A2F8C0200C32FD2 /* populate_database.sql */,
				CD600DE82A2F968400C32FD2 /* db.sqlite */,
				CDB6A36C2A30F6C100F240D3 /* Bubbletext */,
			);
			path = DogBreedSelector;
			sourceTree = "<group>";
		};
		CD09A4912A29188D00B0CF2D /* Preview Content */ = {
			isa = PBXGroup;
			children = (
				CD09A4922A29188D00B0CF2D /* Preview Assets.xcassets */,
			);
			path = "Preview Content";
			sourceTree = "<group>";
		};
		CD09A4992A2E1CF600B0CF2D /* Model */ = {
			isa = PBXGroup;
			children = (
				CD09A48F2A29188D00B0CF2D /* Assets.xcassets */,
			);
			path = Model;
			sourceTree = "<group>";
		};
		CDB6A36C2A30F6C100F240D3 /* Bubbletext */ = {
			isa = PBXGroup;
			children = (
				CD600DEA2A300C1100C32FD2 /* BubbleSelector.swift */,
			);
			path = Bubbletext;
			sourceTree = "<group>";
		};
		CDB6A36D2A30F70F00F240D3 /* PictureTextView */ = {
			isa = PBXGroup;
			children = (
				CD600DEC2A300F7800C32FD2 /* pictureText.swift */,
			);
			path = PictureTextView;
			sourceTree = "<group>";
		};
/* End PBXGroup section */

/* Begin PBXNativeTarget section */
		CD09A4872A29188B00B0CF2D /* DogBreedSelector */ = {
			isa = PBXNativeTarget;
			buildConfigurationList = CD09A4962A29188D00B0CF2D /* Build configuration list for PBXNativeTarget "DogBreedSelector" */;
			buildPhases = (
				CD09A4842A29188B00B0CF2D /* Sources */,
				CD09A4852A29188B00B0CF2D /* Frameworks */,
				CD09A4862A29188B00B0CF2D /* Resources */,
			);
			buildRules = (
			);
			dependencies = (
			);
			name = DogBreedSelector;
			productName = DogBreedSelector;
			productReference = CD09A4882A29188B00B0CF2D /* DogBreedSelector.app */;
			productType = "com.apple.product-type.application";
		};
/* End PBXNativeTarget section */

/* Begin PBXProject section */
		CD09A4802A29188B00B0CF2D /* Project object */ = {
			isa = PBXProject;
			attributes = {
				BuildIndependentTargetsInParallel = 1;
				LastSwiftUpdateCheck = 1430;
				LastUpgradeCheck = 1430;
				TargetAttributes = {
					CD09A4872A29188B00B0CF2D = {
						CreatedOnToolsVersion = 14.3;
					};
				};
			};
			buildConfigurationList = CD09A4832A29188B00B0CF2D /* Build configuration list for PBXProject "DogBreedSelector" */;
			compatibilityVersion = "Xcode 14.0";
			developmentRegion = en;
			hasScannedForEncodings = 0;
			knownRegions = (
				en,
				Base,
			);
			mainGroup = CD09A47F2A29188B00B0CF2D;
			productRefGroup = CD09A4892A29188B00B0CF2D /* Products */;
			projectDirPath = "";
			projectRoot = "";
			targets = (
				CD09A4872A29188B00B0CF2D /* DogBreedSelector */,
			);
		};
/* End PBXProject section */

/* Begin PBXResourcesBuildPhase section */
		CD09A4862A29188B00B0CF2D /* Resources */ = {
			isa = PBXResourcesBuildPhase;
			buildActionMask = 2147483647;
			files = (
				CD09A4932A29188D00B0CF2D /* Preview Assets.xcassets in Resources */,
				CD09A4902A29188D00B0CF2D /* Assets.xcassets in Resources */,
				CD600DE72A2F8C0200C32FD2 /* populate_database.sql in Resources */,
				CD600DE92A2F968400C32FD2 /* db.sqlite in Resources */,
			);
			runOnlyForDeploymentPostprocessing = 0;
		};
/* End PBXResourcesBuildPhase section */

/* Begin PBXSourcesBuildPhase section */
		CD09A4842A29188B00B0CF2D /* Sources */ = {
			isa = PBXSourcesBuildPhase;
			buildActionMask = 2147483647;
			files = (
				CD09A48E2A29188B00B0CF2D /* DogBreedSelectorView.swift in Sources */,
				CD600DED2A300F7800C32FD2 /* pictureText.swift in Sources */,
				CD600DEB2A300C1100C32FD2 /* BubbleSelector.swift in Sources */,
				CD09A48C2A29188B00B0CF2D /* DogBreedSelectorApp.swift in Sources */,
			);
			runOnlyForDeploymentPostprocessing = 0;
		};
/* End PBXSourcesBuildPhase section */

/* Begin XCBuildConfiguration section */
		CD09A4942A29188D00B0CF2D /* Debug */ = {
			isa = XCBuildConfiguration;
			buildSettings = {
				ALWAYS_SEARCH_USER_PATHS = NO;
				CLANG_ANALYZER_NONNULL = YES;
				CLANG_ANALYZER_NUMBER_OBJECT_CONVERSION = YES_AGGRESSIVE;
				CLANG_CXX_LANGUAGE_STANDARD = "gnu++20";
				CLANG_ENABLE_MODULES = YES;
				CLANG_ENABLE_OBJC_ARC = YES;
				CLANG_ENABLE_OBJC_WEAK = YES;
				CLANG_WARN_BLOCK_CAPTURE_AUTORELEASING = YES;
				CLANG_WARN_BOOL_CONVERSION = YES;
				CLANG_WARN_COMMA = YES;
				CLANG_WARN_CONSTANT_CONVERSION = YES;
				CLANG_WARN_DEPRECATED_OBJC_IMPLEMENTATIONS = YES;
				CLANG_WARN_DIRECT_OBJC_ISA_USAGE = YES_ERROR;
				CLANG_WARN_DOCUMENTATION_COMMENTS = YES;
				CLANG_WARN_EMPTY_BODY = YES;
				CLANG_WARN_ENUM_CONVERSION = YES;
				CLANG_WARN_INFINITE_RECURSION = YES;
				CLANG_WARN_INT_CONVERSION = YES;
				CLANG_WARN_NON_LITERAL_NULL_CONVERSION = YES;
				CLANG_WARN_OBJC_IMPLICIT_RETAIN_SELF = YES;
				CLANG_WARN_OBJC_LITERAL_CONVERSION = YES;
				CLANG_WARN_OBJC_ROOT_CLASS = YES_ERROR;
				CLANG_WARN_QUOTED_INCLUDE_IN_FRAMEWORK_HEADER = YES;
				CLANG_WARN_RANGE_LOOP_ANALYSIS = YES;
				CLANG_WARN_STRICT_PROTOTYPES = YES;
				CLANG_WARN_SUSPICIOUS_MOVE = YES;
				CLANG_WARN_UNGUARDED_AVAILABILITY = YES_AGGRESSIVE;
				CLANG_WARN_UNREACHABLE_CODE = YES;
				CLANG_WARN__DUPLICATE_METHOD_MATCH = YES;
				COPY_PHASE_STRIP = NO;
				DEBUG_INFORMATION_FORMAT = dwarf;
				ENABLE_STRICT_OBJC_MSGSEND = YES;
				ENABLE_TESTABILITY = YES;
				GCC_C_LANGUAGE_STANDARD = gnu11;
				GCC_DYNAMIC_NO_PIC = NO;
				GCC_NO_COMMON_BLOCKS = YES;
				GCC_OPTIMIZATION_LEVEL = 0;
				GCC_PREPROCESSOR_DEFINITIONS = (
					"DEBUG=1",
					"$(inherited)",
				);
				GCC_WARN_64_TO_32_BIT_CONVERSION = YES;
				GCC_WARN_ABOUT_RETURN_TYPE = YES_ERROR;
				GCC_WARN_UNDECLARED_SELECTOR = YES;
				GCC_WARN_UNINITIALIZED_AUTOS = YES_AGGRESSIVE;
				GCC_WARN_UNUSED_FUNCTION = YES;
				GCC_WARN_UNUSED_VARIABLE = YES;
				IPHONEOS_DEPLOYMENT_TARGET = 16.4;
				MTL_ENABLE_DEBUG_INFO = INCLUDE_SOURCE;
				MTL_FAST_MATH = YES;
				ONLY_ACTIVE_ARCH = YES;
				SDKROOT = iphoneos;
				SWIFT_ACTIVE_COMPILATION_CONDITIONS = DEBUG;
				SWIFT_OPTIMIZATION_LEVEL = "-Onone";
			};
			name = Debug;
		};
		CD09A4952A29188D00B0CF2D /* Release */ = {
			isa = XCBuildConfiguration;
			buildSettings = {
				ALWAYS_SEARCH_USER_PATHS = NO;
				CLANG_ANALYZER_NONNULL = YES;
				CLANG_ANALYZER_NUMBER_OBJECT_CONVERSION = YES_AGGRESSIVE;
				CLANG_CXX_LANGUAGE_STANDARD = "gnu++20";
				CLANG_ENABLE_MODULES = YES;
				CLANG_ENABLE_OBJC_ARC = YES;
				CLANG_ENABLE_OBJC_WEAK = YES;
				CLANG_WARN_BLOCK_CAPTURE_AUTORELEASING = YES;
				CLANG_WARN_BOOL_CONVERSION = YES;
				CLANG_WARN_COMMA = YES;
				CLANG_WARN_CONSTANT_CONVERSION = YES;
				CLANG_WARN_DEPRECATED_OBJC_IMPLEMENTATIONS = YES;
				CLANG_WARN_DIRECT_OBJC_ISA_USAGE = YES_ERROR;
				CLANG_WARN_DOCUMENTATION_COMMENTS = YES;
				CLANG_WARN_EMPTY_BODY = YES;
				CLANG_WARN_ENUM_CONVERSION = YES;
				CLANG_WARN_INFINITE_RECURSION = YES;
				CLANG_WARN_INT_CONVERSION = YES;
				CLANG_WARN_NON_LITERAL_NULL_CONVERSION = YES;
				CLANG_WARN_OBJC_IMPLICIT_RETAIN_SELF = YES;
				CLANG_WARN_OBJC_LITERAL_CONVERSION = YES;
				CLANG_WARN_OBJC_ROOT_CLASS = YES_ERROR;
				CLANG_WARN_QUOTED_INCLUDE_IN_FRAMEWORK_HEADER = YES;
				CLANG_WARN_RANGE_LOOP_ANALYSIS = YES;
				CLANG_WARN_STRICT_PROTOTYPES = YES;
				CLANG_WARN_SUSPICIOUS_MOVE = YES;
				CLANG_WARN_UNGUARDED_AVAILABILITY = YES_AGGRESSIVE;
				CLANG_WARN_UNREACHABLE_CODE = YES;
				CLANG_WARN__DUPLICATE_METHOD_MATCH = YES;
				COPY_PHASE_STRIP = NO;
				DEBUG_INFORMATION_FORMAT = "dwarf-with-dsym";
				ENABLE_NS_ASSERTIONS = NO;
				ENABLE_STRICT_OBJC_MSGSEND = YES;
				GCC_C_LANGUAGE_STANDARD = gnu11;
				GCC_NO_COMMON_BLOCKS = YES;
				GCC_WARN_64_TO_32_BIT_CONVERSION = YES;
				GCC_WARN_ABOUT_RETURN_TYPE = YES_ERROR;
				GCC_WARN_UNDECLARED_SELECTOR = YES;
				GCC_WARN_UNINITIALIZED_AUTOS = YES_AGGRESSIVE;
				GCC_WARN_UNUSED_FUNCTION = YES;
				GCC_WARN_UNUSED_VARIABLE = YES;
				IPHONEOS_DEPLOYMENT_TARGET = 16.4;
				MTL_ENABLE_DEBUG_INFO = NO;
				MTL_FAST_MATH = YES;
				SDKROOT = iphoneos;
				SWIFT_COMPILATION_MODE = wholemodule;
				SWIFT_OPTIMIZATION_LEVEL = "-O";
				VALIDATE_PRODUCT = YES;
			};
			name = Release;
		};
		CD09A4972A29188D00B0CF2D /* Debug */ = {
			isa = XCBuildConfiguration;
			buildSettings = {
				ASSETCATALOG_COMPILER_APPICON_NAME = AppIcon;
				ASSETCATALOG_COMPILER_GLOBAL_ACCENT_COLOR_NAME = AccentColor;
				CODE_SIGN_STYLE = Automatic;
				CURRENT_PROJECT_VERSION = 1;
				DEVELOPMENT_ASSET_PATHS = "\"DogBreedSelector/Preview Content\"";
				DEVELOPMENT_TEAM = 2A9TZTCW82;
				ENABLE_PREVIEWS = YES;
				GENERATE_INFOPLIST_FILE = YES;
				INFOPLIST_KEY_UIApplicationSceneManifest_Generation = YES;
				INFOPLIST_KEY_UIApplicationSupportsIndirectInputEvents = YES;
				INFOPLIST_KEY_UILaunchScreen_Generation = YES;
				INFOPLIST_KEY_UISupportedInterfaceOrientations_iPad = "UIInterfaceOrientationPortrait UIInterfaceOrientationPortraitUpsideDown UIInterfaceOrientationLandscapeLeft UIInterfaceOrientationLandscapeRight";
				INFOPLIST_KEY_UISupportedInterfaceOrientations_iPhone = "UIInterfaceOrientationPortrait UIInterfaceOrientationLandscapeLeft UIInterfaceOrientationLandscapeRight";
				LD_RUNPATH_SEARCH_PATHS = (
					"$(inherited)",
					"@executable_path/Frameworks",
				);
				MARKETING_VERSION = 1.0;
				PRODUCT_BUNDLE_IDENTIFIER = ca.audreyjiang.DogBreedSelector;
				PRODUCT_NAME = "$(TARGET_NAME)";
				SWIFT_EMIT_LOC_STRINGS = YES;
				SWIFT_VERSION = 5.0;
				TARGETED_DEVICE_FAMILY = "1,2";
			};
			name = Debug;
		};
		CD09A4982A29188D00B0CF2D /* Release */ = {
			isa = XCBuildConfiguration;
			buildSettings = {
				ASSETCATALOG_COMPILER_APPICON_NAME = AppIcon;
				ASSETCATALOG_COMPILER_GLOBAL_ACCENT_COLOR_NAME = AccentColor;
				CODE_SIGN_STYLE = Automatic;
				CURRENT_PROJECT_VERSION = 1;
				DEVELOPMENT_ASSET_PATHS = "\"DogBreedSelector/Preview Content\"";
				DEVELOPMENT_TEAM = 2A9TZTCW82;
				ENABLE_PREVIEWS = YES;
				GENERATE_INFOPLIST_FILE = YES;
				INFOPLIST_KEY_UIApplicationSceneManifest_Generation = YES;
				INFOPLIST_KEY_UIApplicationSupportsIndirectInputEvents = YES;
				INFOPLIST_KEY_UILaunchScreen_Generation = YES;
				INFOPLIST_KEY_UISupportedInterfaceOrientations_iPad = "UIInterfaceOrientationPortrait UIInterfaceOrientationPortraitUpsideDown UIInterfaceOrientationLandscapeLeft UIInterfaceOrientationLandscapeRight";
				INFOPLIST_KEY_UISupportedInterfaceOrientations_iPhone = "UIInterfaceOrientationPortrait UIInterfaceOrientationLandscapeLeft UIInterfaceOrientationLandscapeRight";
				LD_RUNPATH_SEARCH_PATHS = (
					"$(inherited)",
					"@executable_path/Frameworks",
				);
				MARKETING_VERSION = 1.0;
				PRODUCT_BUNDLE_IDENTIFIER = ca.audreyjiang.DogBreedSelector;
				PRODUCT_NAME = "$(TARGET_NAME)";
				SWIFT_EMIT_LOC_STRINGS = YES;
				SWIFT_VERSION = 5.0;
				TARGETED_DEVICE_FAMILY = "1,2";
			};
			name = Release;
		};
/* End XCBuildConfiguration section */

/* Begin XCConfigurationList section */
		CD09A4832A29188B00B0CF2D /* Build configuration list for PBXProject "DogBreedSelector" */ = {
			isa = XCConfigurationList;
			buildConfigurations = (
				CD09A4942A29188D00B0CF2D /* Debug */,
				CD09A4952A29188D00B0CF2D /* Release */,
			);
			defaultConfigurationIsVisible = 0;
			defaultConfigurationName = Release;
		};
		CD09A4962A29188D00B0CF2D /* Build configuration list for PBXNativeTarget "DogBreedSelector" */ = {
			isa = XCConfigurationList;
			buildConfigurations = (
				CD09A4972A29188D00B0CF2D /* Debug */,
				CD09A4982A29188D00B0CF2D /* Release */,
			);
			defaultConfigurationIsVisible = 0;
			defaultConfigurationName = Release;
		};
/* End XCConfigurationList section */
	};
	rootObject = CD09A4802A29188B00B0CF2D /* Project object */;
}
